
Microsoft Visual Studio Solution File, Format Version 11.00
# Visual Studio 2010
Project("{8BC9CEB8-8B4A-11D0-8D11-00A0C91BC942}") = "myFfplay", "myFfplay\myFfplay.vcxproj", "{359B14FD-6D50-42FC-A4CA-B6166D38ACE9}"
EndProject
Global
	GlobalSection(SolutionConfigurationPlatforms) = preSolution
		Debug|Win32 = Debug|Win32
		Release|Win32 = Release|Win32
	EndGlobalSection
	GlobalSection(ProjectConfigurationPlatforms) = postSolution
		{359B14FD-6D50-42FC-A4CA-B6166D38ACE9}.Debug|Win32.ActiveCfg = Debug|Win32
		{359B14FD-6D50-42FC-A4CA-B6166D38ACE9}.Debug|Win32.Build.0 = Debug|Win32
		{359B14FD-6D50-42FC-A4CA-B6166D38ACE9}.Release|Win32.ActiveCfg = Release|Win32
		{359B14FD-6D50-42FC-A4CA-B6166D38ACE9}.Release|Win32.Build.0 = Release|Win32
	EndGlobalSection
	GlobalSection(SolutionProperties) = preSolution
		HideSolutionNode = FALSE
	EndGlobalSection
EndGlobal
